// !$*UTF8*$!
{
	archiveVersion = 1;
	classes = {
	};
	objectVersion = 46;
	objects = {

/* Begin PBXBuildFile section */
		9589A9341D4AB2FE0084950D /* AppDelegate.swift in Sources */ = {isa = PBXBuildFile; fileRef = 9589A9331D4AB2FE0084950D /* AppDelegate.swift */; };
		9589A9361D4AB2FE0084950D /* GameView.swift in Sources */ = {isa = PBXBuildFile; fileRef = 9589A9351D4AB2FE0084950D /* GameView.swift */; };
		9589A93C1D4AB2FE0084950D /* Assets.xcassets in Resources */ = {isa = PBXBuildFile; fileRef = 9589A93B1D4AB2FE0084950D /* Assets.xcassets */; };
		9589A93F1D4AB2FE0084950D /* MainMenu.xib in Resources */ = {isa = PBXBuildFile; fileRef = 9589A93D1D4AB2FE0084950D /* MainMenu.xib */; };
		9589A94D1D4AB3FF0084950D /* AppDelegate.swift in Sources */ = {isa = PBXBuildFile; fileRef = 9589A94C1D4AB3FF0084950D /* AppDelegate.swift */; };
		9589A9541D4AB3FF0084950D /* Main.storyboard in Resources */ = {isa = PBXBuildFile; fileRef = 9589A9521D4AB3FF0084950D /* Main.storyboard */; };
		9589A9561D4AB3FF0084950D /* Assets.xcassets in Resources */ = {isa = PBXBuildFile; fileRef = 9589A9551D4AB3FF0084950D /* Assets.xcassets */; };
		9589A9591D4AB3FF0084950D /* LaunchScreen.storyboard in Resources */ = {isa = PBXBuildFile; fileRef = 9589A9571D4AB3FF0084950D /* LaunchScreen.storyboard */; };
		9589A9621D4AB56D0084950D /* art.scnassets in Resources */ = {isa = PBXBuildFile; fileRef = 9589A9611D4AB56D0084950D /* art.scnassets */; };
		9589A9631D4AB5760084950D /* art.scnassets in Resources */ = {isa = PBXBuildFile; fileRef = 9589A9611D4AB56D0084950D /* art.scnassets */; };
		9589A9651D4AB6130084950D /* GameSceneView.swift in Sources */ = {isa = PBXBuildFile; fileRef = 9589A9641D4AB6130084950D /* GameSceneView.swift */; };
		9589A9661D4AB6130084950D /* GameSceneView.swift in Sources */ = {isa = PBXBuildFile; fileRef = 9589A9641D4AB6130084950D /* GameSceneView.swift */; };
		9589A9681D4AB7450084950D /* GameViewController.swift in Sources */ = {isa = PBXBuildFile; fileRef = 9589A9671D4AB7450084950D /* GameViewController.swift */; };
		9589A9691D4AB7450084950D /* GameViewController.swift in Sources */ = {isa = PBXBuildFile; fileRef = 9589A9671D4AB7450084950D /* GameViewController.swift */; };
		9589A96B1D4AE5180084950D /* GameScenesManager.swift in Sources */ = {isa = PBXBuildFile; fileRef = 9589A96A1D4AE5180084950D /* GameScenesManager.swift */; };
		9589A96C1D4AE5180084950D /* GameScenesManager.swift in Sources */ = {isa = PBXBuildFile; fileRef = 9589A96A1D4AE5180084950D /* GameScenesManager.swift */; };
		9589A96E1D4AE5510084950D /* GameConstants.swift in Sources */ = {isa = PBXBuildFile; fileRef = 9589A96D1D4AE5510084950D /* GameConstants.swift */; };
		9589A96F1D4AE5510084950D /* GameConstants.swift in Sources */ = {isa = PBXBuildFile; fileRef = 9589A96D1D4AE5510084950D /* GameConstants.swift */; };
		9589A9711D4B8C9C0084950D /* GameLevel.swift in Sources */ = {isa = PBXBuildFile; fileRef = 9589A9701D4B8C9C0084950D /* GameLevel.swift */; };
		9589A9721D4B8C9C0084950D /* GameLevel.swift in Sources */ = {isa = PBXBuildFile; fileRef = 9589A9701D4B8C9C0084950D /* GameLevel.swift */; };
		9589A9741D4B8E6E0084950D /* GameLevel0.swift in Sources */ = {isa = PBXBuildFile; fileRef = 9589A9731D4B8E6E0084950D /* GameLevel0.swift */; };
		9589A9751D4B8E6E0084950D /* GameLevel0.swift in Sources */ = {isa = PBXBuildFile; fileRef = 9589A9731D4B8E6E0084950D /* GameLevel0.swift */; };
		9589A9781D4B924D0084950D /* GameLevel1.swift in Sources */ = {isa = PBXBuildFile; fileRef = 9589A9761D4B924D0084950D /* GameLevel1.swift */; };
		9589A9791D4B924D0084950D /* GameLevel1.swift in Sources */ = {isa = PBXBuildFile; fileRef = 9589A9761D4B924D0084950D /* GameLevel1.swift */; };
		9589A97A1D4B924D0084950D /* GameLevel2.swift in Sources */ = {isa = PBXBuildFile; fileRef = 9589A9771D4B924D0084950D /* GameLevel2.swift */; };
		9589A97B1D4B924D0084950D /* GameLevel2.swift in Sources */ = {isa = PBXBuildFile; fileRef = 9589A9771D4B924D0084950D /* GameLevel2.swift */; };
		9589A97E1D4B954F0084950D /* GameLevelsMenu.swift in Sources */ = {isa = PBXBuildFile; fileRef = 9589A97D1D4B954F0084950D /* GameLevelsMenu.swift */; };
		9589A97F1D4B954F0084950D /* GameLevelsMenu.swift in Sources */ = {isa = PBXBuildFile; fileRef = 9589A97D1D4B954F0084950D /* GameLevelsMenu.swift */; };
		9589A9A01D4BD0820084950D /* SCNUtils.swift in Sources */ = {isa = PBXBuildFile; fileRef = 9589A99F1D4BD0820084950D /* SCNUtils.swift */; };
		9589A9A11D4BD0820084950D /* SCNUtils.swift in Sources */ = {isa = PBXBuildFile; fileRef = 9589A99F1D4BD0820084950D /* SCNUtils.swift */; };
		9589A9A31D4BFAA20084950D /* HUDNode.swift in Sources */ = {isa = PBXBuildFile; fileRef = 9589A9A21D4BFAA20084950D /* HUDNode.swift */; };
		9589A9A41D4BFAA20084950D /* HUDNode.swift in Sources */ = {isa = PBXBuildFile; fileRef = 9589A9A21D4BFAA20084950D /* HUDNode.swift */; };
/* End PBXBuildFile section */

/* Begin PBXFileReference section */
		9589A9301D4AB2FE0084950D /* FirstPersonShooter-macOS.app */ = {isa = PBXFileReference; explicitFileType = wrapper.application; includeInIndex = 0; path = "FirstPersonShooter-macOS.app"; sourceTree = BUILT_PRODUCTS_DIR; };
		9589A9331D4AB2FE0084950D /* AppDelegate.swift */ = {isa = PBXFileReference; lastKnownFileType = sourcecode.swift; path = AppDelegate.swift; sourceTree = "<group>"; };
		9589A9351D4AB2FE0084950D /* GameView.swift */ = {isa = PBXFileReference; lastKnownFileType = sourcecode.swift; path = GameView.swift; sourceTree = "<group>"; };
		9589A93B1D4AB2FE0084950D /* Assets.xcassets */ = {isa = PBXFileReference; lastKnownFileType = folder.assetcatalog; path = Assets.xcassets; sourceTree = "<group>"; };
		9589A93E1D4AB2FE0084950D /* Base */ = {isa = PBXFileReference; lastKnownFileType = file.xib; name = Base; path = Base.lproj/MainMenu.xib; sourceTree = "<group>"; };
		9589A9401D4AB2FE0084950D /* Info.plist */ = {isa = PBXFileReference; lastKnownFileType = text.plist.xml; path = Info.plist; sourceTree = "<group>"; };
		9589A94A1D4AB3FF0084950D /* FirstPersonShooter-iOS.app */ = {isa = PBXFileReference; explicitFileType = wrapper.application; includeInIndex = 0; path = "FirstPersonShooter-iOS.app"; sourceTree = BUILT_PRODUCTS_DIR; };
		9589A94C1D4AB3FF0084950D /* AppDelegate.swift */ = {isa = PBXFileReference; lastKnownFileType = sourcecode.swift; path = AppDelegate.swift; sourceTree = "<group>"; };
		9589A9531D4AB3FF0084950D /* Base */ = {isa = PBXFileReference; lastKnownFileType = file.storyboard; name = Base; path = Base.lproj/Main.storyboard; sourceTree = "<group>"; };
		9589A9551D4AB3FF0084950D /* Assets.xcassets */ = {isa = PBXFileReference; lastKnownFileType = folder.assetcatalog; path = Assets.xcassets; sourceTree = "<group>"; };
		9589A9581D4AB3FF0084950D /* Base */ = {isa = PBXFileReference; lastKnownFileType = file.storyboard; name = Base; path = Base.lproj/LaunchScreen.storyboard; sourceTree = "<group>"; };
		9589A95A1D4AB3FF0084950D /* Info.plist */ = {isa = PBXFileReference; lastKnownFileType = text.plist.xml; path = Info.plist; sourceTree = "<group>"; };
		9589A9611D4AB56D0084950D /* art.scnassets */ = {isa = PBXFileReference; lastKnownFileType = wrapper.scnassets; name = art.scnassets; path = common/art.scnassets; sourceTree = "<group>"; };
		9589A9641D4AB6130084950D /* GameSceneView.swift */ = {isa = PBXFileReference; fileEncoding = 4; lastKnownFileType = sourcecode.swift; name = GameSceneView.swift; path = common/framework/GameSceneView.swift; sourceTree = "<group>"; };
		9589A9671D4AB7450084950D /* GameViewController.swift */ = {isa = PBXFileReference; fileEncoding = 4; lastKnownFileType = sourcecode.swift; name = GameViewController.swift; path = common/framework/GameViewController.swift; sourceTree = "<group>"; };
		9589A96A1D4AE5180084950D /* GameScenesManager.swift */ = {isa = PBXFileReference; fileEncoding = 4; lastKnownFileType = sourcecode.swift; name = GameScenesManager.swift; path = common/framework/GameScenesManager.swift; sourceTree = "<group>"; };
		9589A96D1D4AE5510084950D /* GameConstants.swift */ = {isa = PBXFileReference; fileEncoding = 4; lastKnownFileType = sourcecode.swift; name = GameConstants.swift; path = common/framework/GameConstants.swift; sourceTree = "<group>"; };
		9589A9701D4B8C9C0084950D /* GameLevel.swift */ = {isa = PBXFileReference; fileEncoding = 4; lastKnownFileType = sourcecode.swift; name = GameLevel.swift; path = common/framework/GameLevel.swift; sourceTree = "<group>"; };
		9589A9731D4B8E6E0084950D /* GameLevel0.swift */ = {isa = PBXFileReference; fileEncoding = 4; lastKnownFileType = sourcecode.swift; name = GameLevel0.swift; path = common/game/GameLevel0.swift; sourceTree = "<group>"; };
		9589A9761D4B924D0084950D /* GameLevel1.swift */ = {isa = PBXFileReference; fileEncoding = 4; lastKnownFileType = sourcecode.swift; name = GameLevel1.swift; path = common/game/GameLevel1.swift; sourceTree = "<group>"; };
		9589A9771D4B924D0084950D /* GameLevel2.swift */ = {isa = PBXFileReference; fileEncoding = 4; lastKnownFileType = sourcecode.swift; name = GameLevel2.swift; path = common/game/GameLevel2.swift; sourceTree = "<group>"; };
		9589A97D1D4B954F0084950D /* GameLevelsMenu.swift */ = {isa = PBXFileReference; fileEncoding = 4; lastKnownFileType = sourcecode.swift; name = GameLevelsMenu.swift; path = common/game/menus/GameLevelsMenu.swift; sourceTree = "<group>"; };
		9589A99F1D4BD0820084950D /* SCNUtils.swift */ = {isa = PBXFileReference; fileEncoding = 4; lastKnownFileType = sourcecode.swift; name = SCNUtils.swift; path = common/framework/SCNUtils.swift; sourceTree = "<group>"; };
		9589A9A21D4BFAA20084950D /* HUDNode.swift */ = {isa = PBXFileReference; fileEncoding = 4; lastKnownFileType = sourcecode.swift; name = HUDNode.swift; path = common/game/menus/HUDNode.swift; sourceTree = "<group>"; };
/* End PBXFileReference section */

/* Begin PBXFrameworksBuildPhase section */
		9589A92D1D4AB2FE0084950D /* Frameworks */ = {
			isa = PBXFrameworksBuildPhase;
			buildActionMask = 2147483647;
			files = (
			);
			runOnlyForDeploymentPostprocessing = 0;
		};
		9589A9471D4AB3FF0084950D /* Frameworks */ = {
			isa = PBXFrameworksBuildPhase;
			buildActionMask = 2147483647;
			files = (
			);
			runOnlyForDeploymentPostprocessing = 0;
		};
/* End PBXFrameworksBuildPhase section */

/* Begin PBXGroup section */
		9589A9271D4AB2FE0084950D = {
			isa = PBXGroup;
			children = (
				9589A95E1D4AB4B50084950D /* common */,
				9589A9321D4AB2FE0084950D /* macOS */,
				9589A94B1D4AB3FF0084950D /* iOS */,
				9589A9311D4AB2FE0084950D /* Products */,
			);
			sourceTree = "<group>";
		};
		9589A9311D4AB2FE0084950D /* Products */ = {
			isa = PBXGroup;
			children = (
				9589A9301D4AB2FE0084950D /* FirstPersonShooter-macOS.app */,
				9589A94A1D4AB3FF0084950D /* FirstPersonShooter-iOS.app */,
			);
			name = Products;
			sourceTree = "<group>";
		};
		9589A9321D4AB2FE0084950D /* macOS */ = {
			isa = PBXGroup;
			children = (
				9589A9331D4AB2FE0084950D /* AppDelegate.swift */,
				9589A9351D4AB2FE0084950D /* GameView.swift */,
				9589A93B1D4AB2FE0084950D /* Assets.xcassets */,
				9589A93D1D4AB2FE0084950D /* MainMenu.xib */,
				9589A9401D4AB2FE0084950D /* Info.plist */,
			);
			path = macOS;
			sourceTree = "<group>";
		};
		9589A94B1D4AB3FF0084950D /* iOS */ = {
			isa = PBXGroup;
			children = (
				9589A94C1D4AB3FF0084950D /* AppDelegate.swift */,
				9589A9521D4AB3FF0084950D /* Main.storyboard */,
				9589A9551D4AB3FF0084950D /* Assets.xcassets */,
				9589A9571D4AB3FF0084950D /* LaunchScreen.storyboard */,
				9589A95A1D4AB3FF0084950D /* Info.plist */,
			);
			path = iOS;
			sourceTree = "<group>";
		};
		9589A95E1D4AB4B50084950D /* common */ = {
			isa = PBXGroup;
			children = (
				9589A9611D4AB56D0084950D /* art.scnassets */,
				9589A95F1D4AB4BF0084950D /* game */,
				9589A9601D4AB4C90084950D /* framework */,
			);
			name = common;
			sourceTree = "<group>";
		};
		9589A95F1D4AB4BF0084950D /* game */ = {
			isa = PBXGroup;
			children = (
				9589A97C1D4B95340084950D /* menus */,
				9589A9761D4B924D0084950D /* GameLevel1.swift */,
				9589A9771D4B924D0084950D /* GameLevel2.swift */,
				9589A9731D4B8E6E0084950D /* GameLevel0.swift */,
			);
			name = game;
			sourceTree = "<group>";
		};
		9589A9601D4AB4C90084950D /* framework */ = {
			isa = PBXGroup;
			children = (
				9589A99F1D4BD0820084950D /* SCNUtils.swift */,
				9589A96D1D4AE5510084950D /* GameConstants.swift */,
				9589A9671D4AB7450084950D /* GameViewController.swift */,
				9589A9641D4AB6130084950D /* GameSceneView.swift */,
				9589A96A1D4AE5180084950D /* GameScenesManager.swift */,
				9589A9701D4B8C9C0084950D /* GameLevel.swift */,
			);
			name = framework;
			sourceTree = "<group>";
		};
		9589A97C1D4B95340084950D /* menus */ = {
			isa = PBXGroup;
			children = (
				9589A97D1D4B954F0084950D /* GameLevelsMenu.swift */,
				9589A9A21D4BFAA20084950D /* HUDNode.swift */,
			);
			name = menus;
			sourceTree = "<group>";
		};
/* End PBXGroup section */

/* Begin PBXNativeTarget section */
		9589A92F1D4AB2FE0084950D /* FirstPersonShooter */ = {
			isa = PBXNativeTarget;
			buildConfigurationList = 9589A9431D4AB2FE0084950D /* Build configuration list for PBXNativeTarget "FirstPersonShooter" */;
			buildPhases = (
				9589A92C1D4AB2FE0084950D /* Sources */,
				9589A92D1D4AB2FE0084950D /* Frameworks */,
				9589A92E1D4AB2FE0084950D /* Resources */,
			);
			buildRules = (
			);
			dependencies = (
			);
			name = FirstPersonShooter;
			productName = FirstPersonShooter;
			productReference = 9589A9301D4AB2FE0084950D /* FirstPersonShooter-macOS.app */;
			productType = "com.apple.product-type.application";
		};
		9589A9491D4AB3FF0084950D /* iOS */ = {
			isa = PBXNativeTarget;
			buildConfigurationList = 9589A95B1D4AB3FF0084950D /* Build configuration list for PBXNativeTarget "iOS" */;
			buildPhases = (
				9589A9461D4AB3FF0084950D /* Sources */,
				9589A9471D4AB3FF0084950D /* Frameworks */,
				9589A9481D4AB3FF0084950D /* Resources */,
			);
			buildRules = (
			);
			dependencies = (
			);
			name = iOS;
			productName = iOS;
			productReference = 9589A94A1D4AB3FF0084950D /* FirstPersonShooter-iOS.app */;
			productType = "com.apple.product-type.application";
		};
/* End PBXNativeTarget section */

/* Begin PBXProject section */
		9589A9281D4AB2FE0084950D /* Project object */ = {
			isa = PBXProject;
			attributes = {
				LastSwiftUpdateCheck = 0730;
				LastUpgradeCheck = 0730;
				ORGANIZATIONNAME = "Vivek Nagar";
				TargetAttributes = {
					9589A92F1D4AB2FE0084950D = {
						CreatedOnToolsVersion = 7.3.1;
					};
					9589A9491D4AB3FF0084950D = {
						CreatedOnToolsVersion = 7.3.1;
					};
				};
			};
			buildConfigurationList = 9589A92B1D4AB2FE0084950D /* Build configuration list for PBXProject "FirstPersonShooter" */;
			compatibilityVersion = "Xcode 3.2";
			developmentRegion = English;
			hasScannedForEncodings = 0;
			knownRegions = (
				en,
				Base,
			);
			mainGroup = 9589A9271D4AB2FE0084950D;
			productRefGroup = 9589A9311D4AB2FE0084950D /* Products */;
			projectDirPath = "";
			projectRoot = "";
			targets = (
				9589A92F1D4AB2FE0084950D /* FirstPersonShooter */,
				9589A9491D4AB3FF0084950D /* iOS */,
			);
		};
/* End PBXProject section */

/* Begin PBXResourcesBuildPhase section */
		9589A92E1D4AB2FE0084950D /* Resources */ = {
			isa = PBXResourcesBuildPhase;
			buildActionMask = 2147483647;
			files = (
				9589A93C1D4AB2FE0084950D /* Assets.xcassets in Resources */,
				9589A9621D4AB56D0084950D /* art.scnassets in Resources */,
				9589A93F1D4AB2FE0084950D /* MainMenu.xib in Resources */,
			);
			runOnlyForDeploymentPostprocessing = 0;
		};
		9589A9481D4AB3FF0084950D /* Resources */ = {
			isa = PBXResourcesBuildPhase;
			buildActionMask = 2147483647;
			files = (
				9589A9631D4AB5760084950D /* art.scnassets in Resources */,
				9589A9591D4AB3FF0084950D /* LaunchScreen.storyboard in Resources */,
				9589A9561D4AB3FF0084950D /* Assets.xcassets in Resources */,
				9589A9541D4AB3FF0084950D /* Main.storyboard in Resources */,
			);
			runOnlyForDeploymentPostprocessing = 0;
		};
/* End PBXResourcesBuildPhase section */

/* Begin PBXSourcesBuildPhase section */
		9589A92C1D4AB2FE0084950D /* Sources */ = {
			isa = PBXSourcesBuildPhase;
			buildActionMask = 2147483647;
			files = (
				9589A9681D4AB7450084950D /* GameViewController.swift in Sources */,
				9589A9361D4AB2FE0084950D /* GameView.swift in Sources */,
				9589A9A01D4BD0820084950D /* SCNUtils.swift in Sources */,
				9589A9711D4B8C9C0084950D /* GameLevel.swift in Sources */,
				9589A97A1D4B924D0084950D /* GameLevel2.swift in Sources */,
				9589A9651D4AB6130084950D /* GameSceneView.swift in Sources */,
				9589A9341D4AB2FE0084950D /* AppDelegate.swift in Sources */,
				9589A97E1D4B954F0084950D /* GameLevelsMenu.swift in Sources */,
				9589A9741D4B8E6E0084950D /* GameLevel0.swift in Sources */,
				9589A96B1D4AE5180084950D /* GameScenesManager.swift in Sources */,
				9589A9781D4B924D0084950D /* GameLevel1.swift in Sources */,
				9589A96E1D4AE5510084950D /* GameConstants.swift in Sources */,
				9589A9A31D4BFAA20084950D /* HUDNode.swift in Sources */,
			);
			runOnlyForDeploymentPostprocessing = 0;
		};
		9589A9461D4AB3FF0084950D /* Sources */ = {
			isa = PBXSourcesBuildPhase;
			buildActionMask = 2147483647;
			files = (
				9589A96C1D4AE5180084950D /* GameScenesManager.swift in Sources */,
				9589A9691D4AB7450084950D /* GameViewController.swift in Sources */,
				9589A9661D4AB6130084950D /* GameSceneView.swift in Sources */,
				9589A97F1D4B954F0084950D /* GameLevelsMenu.swift in Sources */,
				9589A9751D4B8E6E0084950D /* GameLevel0.swift in Sources */,
				9589A9A11D4BD0820084950D /* SCNUtils.swift in Sources */,
				9589A94D1D4AB3FF0084950D /* AppDelegate.swift in Sources */,
				9589A9A41D4BFAA20084950D /* HUDNode.swift in Sources */,
				9589A9721D4B8C9C0084950D /* GameLevel.swift in Sources */,
				9589A9791D4B924D0084950D /* GameLevel1.swift in Sources */,
				9589A97B1D4B924D0084950D /* GameLevel2.swift in Sources */,
				9589A96F1D4AE5510084950D /* GameConstants.swift in Sources */,
			);
			runOnlyForDeploymentPostprocessing = 0;
		};
/* End PBXSourcesBuildPhase section */

/* Begin PBXVariantGroup section */
		9589A93D1D4AB2FE0084950D /* MainMenu.xib */ = {
			isa = PBXVariantGroup;
			children = (
				9589A93E1D4AB2FE0084950D /* Base */,
			);
			name = MainMenu.xib;
			sourceTree = "<group>";
		};
		9589A9521D4AB3FF0084950D /* Main.storyboard */ = {
			isa = PBXVariantGroup;
			children = (
				9589A9531D4AB3FF0084950D /* Base */,
			);
			name = Main.storyboard;
			sourceTree = "<group>";
		};
		9589A9571D4AB3FF0084950D /* LaunchScreen.storyboard */ = {
			isa = PBXVariantGroup;
			children = (
				9589A9581D4AB3FF0084950D /* Base */,
			);
			name = LaunchScreen.storyboard;
			sourceTree = "<group>";
		};
/* End PBXVariantGroup section */

/* Begin XCBuildConfiguration section */
		9589A9411D4AB2FE0084950D /* Debug */ = {
			isa = XCBuildConfiguration;
			buildSettings = {
				ALWAYS_SEARCH_USER_PATHS = NO;
				CLANG_ANALYZER_NONNULL = YES;
				CLANG_CXX_LANGUAGE_STANDARD = "gnu++0x";
				CLANG_CXX_LIBRARY = "libc++";
				CLANG_ENABLE_MODULES = YES;
				CLANG_ENABLE_OBJC_ARC = YES;
				CLANG_WARN_BOOL_CONVERSION = YES;
				CLANG_WARN_CONSTANT_CONVERSION = YES;
				CLANG_WARN_DIRECT_OBJC_ISA_USAGE = YES_ERROR;
				CLANG_WARN_EMPTY_BODY = YES;
				CLANG_WARN_ENUM_CONVERSION = YES;
				CLANG_WARN_INT_CONVERSION = YES;
				CLANG_WARN_OBJC_ROOT_CLASS = YES_ERROR;
				CLANG_WARN_UNREACHABLE_CODE = YES;
				CLANG_WARN__DUPLICATE_METHOD_MATCH = YES;
				CODE_SIGN_IDENTITY = "-";
				COPY_PHASE_STRIP = NO;
				DEBUG_INFORMATION_FORMAT = "dwarf-with-dsym";
				ENABLE_STRICT_OBJC_MSGSEND = YES;
				ENABLE_TESTABILITY = YES;
				GCC_C_LANGUAGE_STANDARD = gnu99;
				GCC_DYNAMIC_NO_PIC = NO;
				GCC_NO_COMMON_BLOCKS = YES;
				GCC_OPTIMIZATION_LEVEL = 0;
				GCC_PREPROCESSOR_DEFINITIONS = (
					"DEBUG=1",
					"$(inherited)",
				);
				GCC_WARN_64_TO_32_BIT_CONVERSION = YES;
				GCC_WARN_ABOUT_RETURN_TYPE = YES_ERROR;
				GCC_WARN_UNDECLARED_SELECTOR = YES;
				GCC_WARN_UNINITIALIZED_AUTOS = YES_AGGRESSIVE;
				GCC_WARN_UNUSED_FUNCTION = YES;
				GCC_WARN_UNUSED_VARIABLE = YES;
				MACOSX_DEPLOYMENT_TARGET = 10.11;
				MTL_ENABLE_DEBUG_INFO = YES;
				ONLY_ACTIVE_ARCH = YES;
				SDKROOT = macosx;
				SWIFT_OPTIMIZATION_LEVEL = "-Onone";
			};
			name = Debug;
		};
		9589A9421D4AB2FE0084950D /* Release */ = {
			isa = XCBuildConfiguration;
			buildSettings = {
				ALWAYS_SEARCH_USER_PATHS = NO;
				CLANG_ANALYZER_NONNULL = YES;
				CLANG_CXX_LANGUAGE_STANDARD = "gnu++0x";
				CLANG_CXX_LIBRARY = "libc++";
				CLANG_ENABLE_MODULES = YES;
				CLANG_ENABLE_OBJC_ARC = YES;
				CLANG_WARN_BOOL_CONVERSION = YES;
				CLANG_WARN_CONSTANT_CONVERSION = YES;
				CLANG_WARN_DIRECT_OBJC_ISA_USAGE = YES_ERROR;
				CLANG_WARN_EMPTY_BODY = YES;
				CLANG_WARN_ENUM_CONVERSION = YES;
				CLANG_WARN_INT_CONVERSION = YES;
				CLANG_WARN_OBJC_ROOT_CLASS = YES_ERROR;
				CLANG_WARN_UNREACHABLE_CODE = YES;
				CLANG_WARN__DUPLICATE_METHOD_MATCH = YES;
				CODE_SIGN_IDENTITY = "-";
				COPY_PHASE_STRIP = NO;
				DEBUG_INFORMATION_FORMAT = "dwarf-with-dsym";
				ENABLE_NS_ASSERTIONS = NO;
				ENABLE_STRICT_OBJC_MSGSEND = YES;
				GCC_C_LANGUAGE_STANDARD = gnu99;
				GCC_NO_COMMON_BLOCKS = YES;
				GCC_WARN_64_TO_32_BIT_CONVERSION = YES;
				GCC_WARN_ABOUT_RETURN_TYPE = YES_ERROR;
				GCC_WARN_UNDECLARED_SELECTOR = YES;
				GCC_WARN_UNINITIALIZED_AUTOS = YES_AGGRESSIVE;
				GCC_WARN_UNUSED_FUNCTION = YES;
				GCC_WARN_UNUSED_VARIABLE = YES;
				MACOSX_DEPLOYMENT_TARGET = 10.11;
				MTL_ENABLE_DEBUG_INFO = NO;
				SDKROOT = macosx;
			};
			name = Release;
		};
		9589A9441D4AB2FE0084950D /* Debug */ = {
			isa = XCBuildConfiguration;
			buildSettings = {
				ASSETCATALOG_COMPILER_APPICON_NAME = AppIcon;
				COMBINE_HIDPI_IMAGES = YES;
				INFOPLIST_FILE = macOS/Info.plist;
				LD_RUNPATH_SEARCH_PATHS = "$(inherited) @executable_path/../Frameworks";
				PRODUCT_BUNDLE_IDENTIFIER = com.vivek.FirstPersonShooter;
				PRODUCT_NAME = "$(TARGET_NAME)-macOS";
			};
			name = Debug;
		};
		9589A9451D4AB2FE0084950D /* Release */ = {
			isa = XCBuildConfiguration;
			buildSettings = {
				ASSETCATALOG_COMPILER_APPICON_NAME = AppIcon;
				COMBINE_HIDPI_IMAGES = YES;
				INFOPLIST_FILE = macOS/Info.plist;
				LD_RUNPATH_SEARCH_PATHS = "$(inherited) @executable_path/../Frameworks";
				PRODUCT_BUNDLE_IDENTIFIER = com.vivek.FirstPersonShooter;
				PRODUCT_NAME = "$(TARGET_NAME)-macOS";
			};
			name = Release;
		};
		9589A95C1D4AB3FF0084950D /* Debug */ = {
			isa = XCBuildConfiguration;
			buildSettings = {
				ASSETCATALOG_COMPILER_APPICON_NAME = AppIcon;
				"CODE_SIGN_IDENTITY[sdk=iphoneos*]" = "iPhone Developer";
				INFOPLIST_FILE = iOS/Info.plist;
				IPHONEOS_DEPLOYMENT_TARGET = 9.3;
				LD_RUNPATH_SEARCH_PATHS = "$(inherited) @executable_path/Frameworks";
				PRODUCT_BUNDLE_IDENTIFIER = com.vivek.iOS;
				PRODUCT_NAME = "FirstPersonShooter-$(TARGET_NAME)";
				SDKROOT = iphoneos;
				TARGETED_DEVICE_FAMILY = "1,2";
			};
			name = Debug;
		};
		9589A95D1D4AB3FF0084950D /* Release */ = {
			isa = XCBuildConfiguration;
			buildSettings = {
				ASSETCATALOG_COMPILER_APPICON_NAME = AppIcon;
				"CODE_SIGN_IDENTITY[sdk=iphoneos*]" = "iPhone Developer";
				INFOPLIST_FILE = iOS/Info.plist;
				IPHONEOS_DEPLOYMENT_TARGET = 9.3;
				LD_RUNPATH_SEARCH_PATHS = "$(inherited) @executable_path/Frameworks";
				PRODUCT_BUNDLE_IDENTIFIER = com.vivek.iOS;
				PRODUCT_NAME = "FirstPersonShooter-$(TARGET_NAME)";
				SDKROOT = iphoneos;
				TARGETED_DEVICE_FAMILY = "1,2";
				VALIDATE_PRODUCT = YES;
			};
			name = Release;
		};
/* End XCBuildConfiguration section */

/* Begin XCConfigurationList section */
		9589A92B1D4AB2FE0084950D /* Build configuration list for PBXProject "FirstPersonShooter" */ = {
			isa = XCConfigurationList;
			buildConfigurations = (
				9589A9411D4AB2FE0084950D /* Debug */,
				9589A9421D4AB2FE0084950D /* Release */,
			);
			defaultConfigurationIsVisible = 0;
			defaultConfigurationName = Release;
		};
		9589A9431D4AB2FE0084950D /* Build configuration list for PBXNativeTarget "FirstPersonShooter" */ = {
			isa = XCConfigurationList;
			buildConfigurations = (
				9589A9441D4AB2FE0084950D /* Debug */,
				9589A9451D4AB2FE0084950D /* Release */,
			);
			defaultConfigurationIsVisible = 0;
			defaultConfigurationName = Release;
		};
		9589A95B1D4AB3FF0084950D /* Build configuration list for PBXNativeTarget "iOS" */ = {
			isa = XCConfigurationList;
			buildConfigurations = (
				9589A95C1D4AB3FF0084950D /* Debug */,
				9589A95D1D4AB3FF0084950D /* Release */,
			);
			defaultConfigurationIsVisible = 0;
			defaultConfigurationName = Release;
		};
/* End XCConfigurationList section */
	};
	rootObject = 9589A9281D4AB2FE0084950D /* Project object */;
}
